# THIS IS AN AUTOGENERATED FILE. DO NOT EDIT THIS FILE DIRECTLY.
# yarn lockfile v1


normalize.css@^7.0.0:
  version "7.0.0"
  resolved "https://registry.yarnpkg.com/normalize.css/-/normalize.css-7.0.0.tgz#abfb1dd82470674e0322b53ceb1aaf412938e4bf"

vdora-style@^0.0.1:
  version "0.0.1"
  resolved "https://registry.yarnpkg.com/vdora-style/-/vdora-style-0.0.1.tgz#d3fc619a83b09c5da905145f9306953f4f1e94c6"
  dependencies:
    normalize.css "^7.0.0"
